// !$*UTF8*$!
{
	archiveVersion = 1;
	classes = {
	};
	objectVersion = 77;
	objects = {

/* Begin PBXBuildFile section */
		8D6F180C2DE65C73006FEDA2 /* CryptoSwift in Frameworks */ = {isa = PBXBuildFile; productRef = 8D6F180B2DE65C73006FEDA2 /* CryptoSwift */; };
		8D6F18D72DE78C23006FEDA2 /* TurnkeyCrypto in Frameworks */ = {isa = PBXBuildFile; productRef = 8D6F18D62DE78C23006FEDA2 /* TurnkeyCrypto */; };
		8D6F18D92DE78C23006FEDA2 /* TurnkeyEncoding in Frameworks */ = {isa = PBXBuildFile; productRef = 8D6F18D82DE78C23006FEDA2 /* TurnkeyEncoding */; };
		8D6F18DB2DE78C23006FEDA2 /* TurnkeyHttp in Frameworks */ = {isa = PBXBuildFile; productRef = 8D6F18DA2DE78C23006FEDA2 /* TurnkeyHttp */; };
		8D6F18DD2DE78C23006FEDA2 /* TurnkeyPasskeys in Frameworks */ = {isa = PBXBuildFile; productRef = 8D6F18DC2DE78C23006FEDA2 /* TurnkeyPasskeys */; };
		8D6F18DF2DE78C23006FEDA2 /* TurnkeyStamper in Frameworks */ = {isa = PBXBuildFile; productRef = 8D6F18DE2DE78C23006FEDA2 /* TurnkeyStamper */; };
		8D6F18E12DE78C23006FEDA2 /* TurnkeySwift in Frameworks */ = {isa = PBXBuildFile; productRef = 8D6F18E02DE78C23006FEDA2 /* TurnkeySwift */; };
		8DEC224B2DE0EC3100758E77 /* PhoneNumberKit in Frameworks */ = {isa = PBXBuildFile; productRef = 8DEC224A2DE0EC3100758E77 /* PhoneNumberKit */; };
/* End PBXBuildFile section */

/* Begin PBXContainerItemProxy section */
		8DB1004B2DD7E3D500885C8F /* PBXContainerItemProxy */ = {
			isa = PBXContainerItemProxy;
			containerPortal = 8DB100322DD7E3D400885C8F /* Project object */;
			proxyType = 1;
			remoteGlobalIDString = 8DB100392DD7E3D400885C8F;
			remoteInfo = "swift-sdk-demo-wallet";
		};
		8DB100552DD7E3D500885C8F /* PBXContainerItemProxy */ = {
			isa = PBXContainerItemProxy;
			containerPortal = 8DB100322DD7E3D400885C8F /* Project object */;
			proxyType = 1;
			remoteGlobalIDString = 8DB100392DD7E3D400885C8F;
			remoteInfo = "swift-sdk-demo-wallet";
		};
/* End PBXContainerItemProxy section */

/* Begin PBXFileReference section */
		8DB1003A2DD7E3D400885C8F /* swift-sdk-demo-wallet.app */ = {isa = PBXFileReference; explicitFileType = wrapper.application; includeInIndex = 0; path = "swift-sdk-demo-wallet.app"; sourceTree = BUILT_PRODUCTS_DIR; };
		8DB1004A2DD7E3D500885C8F /* swift-sdk-demo-walletTests.xctest */ = {isa = PBXFileReference; explicitFileType = wrapper.cfbundle; includeInIndex = 0; path = "swift-sdk-demo-walletTests.xctest"; sourceTree = BUILT_PRODUCTS_DIR; };
		8DB100542DD7E3D500885C8F /* swift-sdk-demo-walletUITests.xctest */ = {isa = PBXFileReference; explicitFileType = wrapper.cfbundle; includeInIndex = 0; path = "swift-sdk-demo-walletUITests.xctest"; sourceTree = BUILT_PRODUCTS_DIR; };
/* End PBXFileReference section */

/* Begin PBXFileSystemSynchronizedRootGroup section */
		8DB1003C2DD7E3D400885C8F /* swift-sdk-demo-wallet */ = {
			isa = PBXFileSystemSynchronizedRootGroup;
			path = "swift-sdk-demo-wallet";
			sourceTree = "<group>";
		};
		8DB1004D2DD7E3D500885C8F /* swift-sdk-demo-walletTests */ = {
			isa = PBXFileSystemSynchronizedRootGroup;
			path = "swift-sdk-demo-walletTests";
			sourceTree = "<group>";
		};
		8DB100572DD7E3D500885C8F /* swift-sdk-demo-walletUITests */ = {
			isa = PBXFileSystemSynchronizedRootGroup;
			path = "swift-sdk-demo-walletUITests";
			sourceTree = "<group>";
		};
/* End PBXFileSystemSynchronizedRootGroup section */

/* Begin PBXFrameworksBuildPhase section */
		8DB100372DD7E3D400885C8F /* Frameworks */ = {
			isa = PBXFrameworksBuildPhase;
			buildActionMask = 2147483647;
			files = (
				8D6F18D92DE78C23006FEDA2 /* TurnkeyEncoding in Frameworks */,
				8D6F18DB2DE78C23006FEDA2 /* TurnkeyHttp in Frameworks */,
				8D6F18DD2DE78C23006FEDA2 /* TurnkeyPasskeys in Frameworks */,
				8D6F18E12DE78C23006FEDA2 /* TurnkeySwift in Frameworks */,
				8D6F180C2DE65C73006FEDA2 /* CryptoSwift in Frameworks */,
				8D6F18DF2DE78C23006FEDA2 /* TurnkeyStamper in Frameworks */,
				8DEC224B2DE0EC3100758E77 /* PhoneNumberKit in Frameworks */,
				8D6F18D72DE78C23006FEDA2 /* TurnkeyCrypto in Frameworks */,
			);
			runOnlyForDeploymentPostprocessing = 0;
		};
		8DB100472DD7E3D500885C8F /* Frameworks */ = {
			isa = PBXFrameworksBuildPhase;
			buildActionMask = 2147483647;
			files = (
			);
			runOnlyForDeploymentPostprocessing = 0;
		};
		8DB100512DD7E3D500885C8F /* Frameworks */ = {
			isa = PBXFrameworksBuildPhase;
			buildActionMask = 2147483647;
			files = (
			);
			runOnlyForDeploymentPostprocessing = 0;
		};
/* End PBXFrameworksBuildPhase section */

/* Begin PBXGroup section */
		8D1943172DDD175F00FA9BC1 /* Frameworks */ = {
			isa = PBXGroup;
			children = (
			);
			name = Frameworks;
			sourceTree = "<group>";
		};
		8DB100312DD7E3D400885C8F = {
			isa = PBXGroup;
			children = (
				8DB1003C2DD7E3D400885C8F /* swift-sdk-demo-wallet */,
				8DB1004D2DD7E3D500885C8F /* swift-sdk-demo-walletTests */,
				8DB100572DD7E3D500885C8F /* swift-sdk-demo-walletUITests */,
				8D1943172DDD175F00FA9BC1 /* Frameworks */,
				8DB1003B2DD7E3D400885C8F /* Products */,
			);
			sourceTree = "<group>";
		};
		8DB1003B2DD7E3D400885C8F /* Products */ = {
			isa = PBXGroup;
			children = (
				8DB1003A2DD7E3D400885C8F /* swift-sdk-demo-wallet.app */,
				8DB1004A2DD7E3D500885C8F /* swift-sdk-demo-walletTests.xctest */,
				8DB100542DD7E3D500885C8F /* swift-sdk-demo-walletUITests.xctest */,
			);
			name = Products;
			sourceTree = "<group>";
		};
/* End PBXGroup section */

/* Begin PBXNativeTarget section */
		8DB100392DD7E3D400885C8F /* swift-sdk-demo-wallet */ = {
			isa = PBXNativeTarget;
			buildConfigurationList = 8DB1005E2DD7E3D500885C8F /* Build configuration list for PBXNativeTarget "swift-sdk-demo-wallet" */;
			buildPhases = (
				8DB100362DD7E3D400885C8F /* Sources */,
				8DB100372DD7E3D400885C8F /* Frameworks */,
				8DB100382DD7E3D400885C8F /* Resources */,
			);
			buildRules = (
			);
			dependencies = (
			);
			fileSystemSynchronizedGroups = (
				8DB1003C2DD7E3D400885C8F /* swift-sdk-demo-wallet */,
			);
			name = "swift-sdk-demo-wallet";
			packageProductDependencies = (
				8DEC224A2DE0EC3100758E77 /* PhoneNumberKit */,
				8D6F180B2DE65C73006FEDA2 /* CryptoSwift */,
				8D6F18D62DE78C23006FEDA2 /* TurnkeyCrypto */,
				8D6F18D82DE78C23006FEDA2 /* TurnkeyEncoding */,
				8D6F18DA2DE78C23006FEDA2 /* TurnkeyHttp */,
				8D6F18DC2DE78C23006FEDA2 /* TurnkeyPasskeys */,
				8D6F18DE2DE78C23006FEDA2 /* TurnkeyStamper */,
				8D6F18E02DE78C23006FEDA2 /* TurnkeySwift */,
			);
			productName = "swift-sdk-demo-wallet";
			productReference = 8DB1003A2DD7E3D400885C8F /* swift-sdk-demo-wallet.app */;
			productType = "com.apple.product-type.application";
		};
		8DB100492DD7E3D500885C8F /* swift-sdk-demo-walletTests */ = {
			isa = PBXNativeTarget;
			buildConfigurationList = 8DB100612DD7E3D500885C8F /* Build configuration list for PBXNativeTarget "swift-sdk-demo-walletTests" */;
			buildPhases = (
				8DB100462DD7E3D500885C8F /* Sources */,
				8DB100472DD7E3D500885C8F /* Frameworks */,
				8DB100482DD7E3D500885C8F /* Resources */,
			);
			buildRules = (
			);
			dependencies = (
				8DB1004C2DD7E3D500885C8F /* PBXTargetDependency */,
			);
			fileSystemSynchronizedGroups = (
				8DB1004D2DD7E3D500885C8F /* swift-sdk-demo-walletTests */,
			);
			name = "swift-sdk-demo-walletTests";
			packageProductDependencies = (
			);
			productName = "swift-sdk-demo-walletTests";
			productReference = 8DB1004A2DD7E3D500885C8F /* swift-sdk-demo-walletTests.xctest */;
			productType = "com.apple.product-type.bundle.unit-test";
		};
		8DB100532DD7E3D500885C8F /* swift-sdk-demo-walletUITests */ = {
			isa = PBXNativeTarget;
			buildConfigurationList = 8DB100642DD7E3D500885C8F /* Build configuration list for PBXNativeTarget "swift-sdk-demo-walletUITests" */;
			buildPhases = (
				8DB100502DD7E3D500885C8F /* Sources */,
				8DB100512DD7E3D500885C8F /* Frameworks */,
				8DB100522DD7E3D500885C8F /* Resources */,
			);
			buildRules = (
			);
			dependencies = (
				8DB100562DD7E3D500885C8F /* PBXTargetDependency */,
			);
			fileSystemSynchronizedGroups = (
				8DB100572DD7E3D500885C8F /* swift-sdk-demo-walletUITests */,
			);
			name = "swift-sdk-demo-walletUITests";
			packageProductDependencies = (
			);
			productName = "swift-sdk-demo-walletUITests";
			productReference = 8DB100542DD7E3D500885C8F /* swift-sdk-demo-walletUITests.xctest */;
			productType = "com.apple.product-type.bundle.ui-testing";
		};
/* End PBXNativeTarget section */

/* Begin PBXProject section */
		8DB100322DD7E3D400885C8F /* Project object */ = {
			isa = PBXProject;
			attributes = {
				BuildIndependentTargetsInParallel = 1;
				LastSwiftUpdateCheck = 1620;
				LastUpgradeCheck = 1620;
				TargetAttributes = {
					8DB100392DD7E3D400885C8F = {
						CreatedOnToolsVersion = 16.2;
					};
					8DB100492DD7E3D500885C8F = {
						CreatedOnToolsVersion = 16.2;
						TestTargetID = 8DB100392DD7E3D400885C8F;
					};
					8DB100532DD7E3D500885C8F = {
						CreatedOnToolsVersion = 16.2;
						TestTargetID = 8DB100392DD7E3D400885C8F;
					};
				};
			};
			buildConfigurationList = 8DB100352DD7E3D400885C8F /* Build configuration list for PBXProject "swift-sdk-demo-wallet" */;
			developmentRegion = en;
			hasScannedForEncodings = 0;
			knownRegions = (
				en,
				Base,
			);
			mainGroup = 8DB100312DD7E3D400885C8F;
			minimizedProjectReferenceProxies = 1;
			packageReferences = (
				8DB100732DD7ED0800885C8F /* XCRemoteSwiftPackageReference "PhoneNumberKit" */,
				8D6F180A2DE65C73006FEDA2 /* XCRemoteSwiftPackageReference "CryptoSwift" */,
				8D6F18D52DE78C23006FEDA2 /* XCLocalSwiftPackageReference "../../../swift-sdk" */,
			);
			preferredProjectObjectVersion = 77;
			productRefGroup = 8DB1003B2DD7E3D400885C8F /* Products */;
			projectDirPath = "";
			projectRoot = "";
			targets = (
				8DB100392DD7E3D400885C8F /* swift-sdk-demo-wallet */,
				8DB100492DD7E3D500885C8F /* swift-sdk-demo-walletTests */,
				8DB100532DD7E3D500885C8F /* swift-sdk-demo-walletUITests */,
			);
		};
/* End PBXProject section */

/* Begin PBXResourcesBuildPhase section */
		8DB100382DD7E3D400885C8F /* Resources */ = {
			isa = PBXResourcesBuildPhase;
			buildActionMask = 2147483647;
			files = (
			);
			runOnlyForDeploymentPostprocessing = 0;
		};
		8DB100482DD7E3D500885C8F /* Resources */ = {
			isa = PBXResourcesBuildPhase;
			buildActionMask = 2147483647;
			files = (
			);
			runOnlyForDeploymentPostprocessing = 0;
		};
		8DB100522DD7E3D500885C8F /* Resources */ = {
			isa = PBXResourcesBuildPhase;
			buildActionMask = 2147483647;
			files = (
			);
			runOnlyForDeploymentPostprocessing = 0;
		};
/* End PBXResourcesBuildPhase section */

/* Begin PBXSourcesBuildPhase section */
		8DB100362DD7E3D400885C8F /* Sources */ = {
			isa = PBXSourcesBuildPhase;
			buildActionMask = 2147483647;
			files = (
			);
			runOnlyForDeploymentPostprocessing = 0;
		};
		8DB100462DD7E3D500885C8F /* Sources */ = {
			isa = PBXSourcesBuildPhase;
			buildActionMask = 2147483647;
			files = (
			);
			runOnlyForDeploymentPostprocessing = 0;
		};
		8DB100502DD7E3D500885C8F /* Sources */ = {
			isa = PBXSourcesBuildPhase;
			buildActionMask = 2147483647;
			files = (
			);
			runOnlyForDeploymentPostprocessing = 0;
		};
/* End PBXSourcesBuildPhase section */

/* Begin PBXTargetDependency section */
		8DB1004C2DD7E3D500885C8F /* PBXTargetDependency */ = {
			isa = PBXTargetDependency;
			target = 8DB100392DD7E3D400885C8F /* swift-sdk-demo-wallet */;
			targetProxy = 8DB1004B2DD7E3D500885C8F /* PBXContainerItemProxy */;
		};
		8DB100562DD7E3D500885C8F /* PBXTargetDependency */ = {
			isa = PBXTargetDependency;
			target = 8DB100392DD7E3D400885C8F /* swift-sdk-demo-wallet */;
			targetProxy = 8DB100552DD7E3D500885C8F /* PBXContainerItemProxy */;
		};
/* End PBXTargetDependency section */

/* Begin XCBuildConfiguration section */
		8DB1005C2DD7E3D500885C8F /* Debug */ = {
			isa = XCBuildConfiguration;
			buildSettings = {
				ALWAYS_SEARCH_USER_PATHS = NO;
				ASSETCATALOG_COMPILER_GENERATE_SWIFT_ASSET_SYMBOL_EXTENSIONS = YES;
				CLANG_ANALYZER_NONNULL = YES;
				CLANG_ANALYZER_NUMBER_OBJECT_CONVERSION = YES_AGGRESSIVE;
				CLANG_CXX_LANGUAGE_STANDARD = "gnu++20";
				CLANG_ENABLE_MODULES = YES;
				CLANG_ENABLE_OBJC_ARC = YES;
				CLANG_ENABLE_OBJC_WEAK = YES;
				CLANG_WARN_BLOCK_CAPTURE_AUTORELEASING = YES;
				CLANG_WARN_BOOL_CONVERSION = YES;
				CLANG_WARN_COMMA = YES;
				CLANG_WARN_CONSTANT_CONVERSION = YES;
				CLANG_WARN_DEPRECATED_OBJC_IMPLEMENTATIONS = YES;
				CLANG_WARN_DIRECT_OBJC_ISA_USAGE = YES_ERROR;
				CLANG_WARN_DOCUMENTATION_COMMENTS = YES;
				CLANG_WARN_EMPTY_BODY = YES;
				CLANG_WARN_ENUM_CONVERSION = YES;
				CLANG_WARN_INFINITE_RECURSION = YES;
				CLANG_WARN_INT_CONVERSION = YES;
				CLANG_WARN_NON_LITERAL_NULL_CONVERSION = YES;
				CLANG_WARN_OBJC_IMPLICIT_RETAIN_SELF = YES;
				CLANG_WARN_OBJC_LITERAL_CONVERSION = YES;
				CLANG_WARN_OBJC_ROOT_CLASS = YES_ERROR;
				CLANG_WARN_QUOTED_INCLUDE_IN_FRAMEWORK_HEADER = YES;
				CLANG_WARN_RANGE_LOOP_ANALYSIS = YES;
				CLANG_WARN_STRICT_PROTOTYPES = YES;
				CLANG_WARN_SUSPICIOUS_MOVE = YES;
				CLANG_WARN_UNGUARDED_AVAILABILITY = YES_AGGRESSIVE;
				CLANG_WARN_UNREACHABLE_CODE = YES;
				CLANG_WARN__DUPLICATE_METHOD_MATCH = YES;
				COPY_PHASE_STRIP = NO;
				DEBUG_INFORMATION_FORMAT = dwarf;
				ENABLE_STRICT_OBJC_MSGSEND = YES;
				ENABLE_TESTABILITY = YES;
				ENABLE_USER_SCRIPT_SANDBOXING = YES;
				GCC_C_LANGUAGE_STANDARD = gnu17;
				GCC_DYNAMIC_NO_PIC = NO;
				GCC_NO_COMMON_BLOCKS = YES;
				GCC_OPTIMIZATION_LEVEL = 0;
				GCC_PREPROCESSOR_DEFINITIONS = (
					"DEBUG=1",
					"$(inherited)",
				);
				GCC_WARN_64_TO_32_BIT_CONVERSION = YES;
				GCC_WARN_ABOUT_RETURN_TYPE = YES_ERROR;
				GCC_WARN_UNDECLARED_SELECTOR = YES;
				GCC_WARN_UNINITIALIZED_AUTOS = YES_AGGRESSIVE;
				GCC_WARN_UNUSED_FUNCTION = YES;
				GCC_WARN_UNUSED_VARIABLE = YES;
				IPHONEOS_DEPLOYMENT_TARGET = 18.2;
				LOCALIZATION_PREFERS_STRING_CATALOGS = YES;
				MTL_ENABLE_DEBUG_INFO = INCLUDE_SOURCE;
				MTL_FAST_MATH = YES;
				ONLY_ACTIVE_ARCH = YES;
				SDKROOT = iphoneos;
				SWIFT_ACTIVE_COMPILATION_CONDITIONS = "DEBUG $(inherited)";
				SWIFT_OPTIMIZATION_LEVEL = "-Onone";
			};
			name = Debug;
		};
		8DB1005D2DD7E3D500885C8F /* Release */ = {
			isa = XCBuildConfiguration;
			buildSettings = {
				ALWAYS_SEARCH_USER_PATHS = NO;
				ASSETCATALOG_COMPILER_GENERATE_SWIFT_ASSET_SYMBOL_EXTENSIONS = YES;
				CLANG_ANALYZER_NONNULL = YES;
				CLANG_ANALYZER_NUMBER_OBJECT_CONVERSION = YES_AGGRESSIVE;
				CLANG_CXX_LANGUAGE_STANDARD = "gnu++20";
				CLANG_ENABLE_MODULES = YES;
				CLANG_ENABLE_OBJC_ARC = YES;
				CLANG_ENABLE_OBJC_WEAK = YES;
				CLANG_WARN_BLOCK_CAPTURE_AUTORELEASING = YES;
				CLANG_WARN_BOOL_CONVERSION = YES;
				CLANG_WARN_COMMA = YES;
				CLANG_WARN_CONSTANT_CONVERSION = YES;
				CLANG_WARN_DEPRECATED_OBJC_IMPLEMENTATIONS = YES;
				CLANG_WARN_DIRECT_OBJC_ISA_USAGE = YES_ERROR;
				CLANG_WARN_DOCUMENTATION_COMMENTS = YES;
				CLANG_WARN_EMPTY_BODY = YES;
				CLANG_WARN_ENUM_CONVERSION = YES;
				CLANG_WARN_INFINITE_RECURSION = YES;
				CLANG_WARN_INT_CONVERSION = YES;
				CLANG_WARN_NON_LITERAL_NULL_CONVERSION = YES;
				CLANG_WARN_OBJC_IMPLICIT_RETAIN_SELF = YES;
				CLANG_WARN_OBJC_LITERAL_CONVERSION = YES;
				CLANG_WARN_OBJC_ROOT_CLASS = YES_ERROR;
				CLANG_WARN_QUOTED_INCLUDE_IN_FRAMEWORK_HEADER = YES;
				CLANG_WARN_RANGE_LOOP_ANALYSIS = YES;
				CLANG_WARN_STRICT_PROTOTYPES = YES;
				CLANG_WARN_SUSPICIOUS_MOVE = YES;
				CLANG_WARN_UNGUARDED_AVAILABILITY = YES_AGGRESSIVE;
				CLANG_WARN_UNREACHABLE_CODE = YES;
				CLANG_WARN__DUPLICATE_METHOD_MATCH = YES;
				COPY_PHASE_STRIP = NO;
				DEBUG_INFORMATION_FORMAT = "dwarf-with-dsym";
				ENABLE_NS_ASSERTIONS = NO;
				ENABLE_STRICT_OBJC_MSGSEND = YES;
				ENABLE_USER_SCRIPT_SANDBOXING = YES;
				GCC_C_LANGUAGE_STANDARD = gnu17;
				GCC_NO_COMMON_BLOCKS = YES;
				GCC_WARN_64_TO_32_BIT_CONVERSION = YES;
				GCC_WARN_ABOUT_RETURN_TYPE = YES_ERROR;
				GCC_WARN_UNDECLARED_SELECTOR = YES;
				GCC_WARN_UNINITIALIZED_AUTOS = YES_AGGRESSIVE;
				GCC_WARN_UNUSED_FUNCTION = YES;
				GCC_WARN_UNUSED_VARIABLE = YES;
				IPHONEOS_DEPLOYMENT_TARGET = 18.2;
				LOCALIZATION_PREFERS_STRING_CATALOGS = YES;
				MTL_ENABLE_DEBUG_INFO = NO;
				MTL_FAST_MATH = YES;
				SDKROOT = iphoneos;
				SWIFT_COMPILATION_MODE = wholemodule;
				VALIDATE_PRODUCT = YES;
			};
			name = Release;
		};
		8DB1005F2DD7E3D500885C8F /* Debug */ = {
			isa = XCBuildConfiguration;
			buildSettings = {
				ASSETCATALOG_COMPILER_APPICON_NAME = AppIcon;
				ASSETCATALOG_COMPILER_GLOBAL_ACCENT_COLOR_NAME = AccentColor;
				CODE_SIGN_ENTITLEMENTS = "swift-sdk-demo-wallet/swift-sdk-demo-wallet.entitlements";
				CODE_SIGN_IDENTITY = "Apple Development";
				CODE_SIGN_STYLE = Automatic;
				CURRENT_PROJECT_VERSION = 1;
				DEVELOPMENT_ASSET_PATHS = "\"swift-sdk-demo-wallet/Preview Content\"";
				DEVELOPMENT_TEAM = 74V7N6MW3W;
				ENABLE_PREVIEWS = YES;
				GENERATE_INFOPLIST_FILE = YES;
				INFOPLIST_KEY_CFBundleDisplayName = "React Native Demo Wallet";
				INFOPLIST_KEY_LSApplicationCategoryType = "public.app-category.education";
				INFOPLIST_KEY_UIApplicationSceneManifest_Generation = YES;
				INFOPLIST_KEY_UIApplicationSupportsIndirectInputEvents = YES;
				INFOPLIST_KEY_UILaunchScreen_Generation = YES;
				INFOPLIST_KEY_UISupportedInterfaceOrientations_iPad = "UIInterfaceOrientationPortrait UIInterfaceOrientationPortraitUpsideDown UIInterfaceOrientationLandscapeLeft UIInterfaceOrientationLandscapeRight";
				INFOPLIST_KEY_UISupportedInterfaceOrientations_iPhone = "UIInterfaceOrientationPortrait UIInterfaceOrientationLandscapeLeft UIInterfaceOrientationLandscapeRight";
				LD_RUNPATH_SEARCH_PATHS = (
					"$(inherited)",
					"@executable_path/Frameworks",
				);
				MARKETING_VERSION = 1.1;
				PRODUCT_BUNDLE_IDENTIFIER = xyz.tkhqlabs.passkeyapp;
				PRODUCT_NAME = "$(TARGET_NAME)";
				PROVISIONING_PROFILE_SPECIFIER = "";
				SWIFT_EMIT_LOC_STRINGS = YES;
				SWIFT_VERSION = 5.0;
				TARGETED_DEVICE_FAMILY = "1,2";
			};
			name = Debug;
		};
		8DB100602DD7E3D500885C8F /* Release */ = {
			isa = XCBuildConfiguration;
			buildSettings = {
				ASSETCATALOG_COMPILER_APPICON_NAME = AppIcon;
				ASSETCATALOG_COMPILER_GLOBAL_ACCENT_COLOR_NAME = AccentColor;
				CODE_SIGN_ENTITLEMENTS = "swift-sdk-demo-wallet/swift-sdk-demo-wallet.entitlements";
				CODE_SIGN_IDENTITY = "Apple Development";
				CODE_SIGN_STYLE = Automatic;
				CURRENT_PROJECT_VERSION = 1;
				DEVELOPMENT_ASSET_PATHS = "\"swift-sdk-demo-wallet/Preview Content\"";
				DEVELOPMENT_TEAM = 74V7N6MW3W;
				ENABLE_PREVIEWS = YES;
				GENERATE_INFOPLIST_FILE = YES;
				INFOPLIST_KEY_CFBundleDisplayName = "React Native Demo Wallet";
				INFOPLIST_KEY_LSApplicationCategoryType = "public.app-category.education";
				INFOPLIST_KEY_UIApplicationSceneManifest_Generation = YES;
				INFOPLIST_KEY_UIApplicationSupportsIndirectInputEvents = YES;
				INFOPLIST_KEY_UILaunchScreen_Generation = YES;
				INFOPLIST_KEY_UISupportedInterfaceOrientations_iPad = "UIInterfaceOrientationPortrait UIInterfaceOrientationPortraitUpsideDown UIInterfaceOrientationLandscapeLeft UIInterfaceOrientationLandscapeRight";
				INFOPLIST_KEY_UISupportedInterfaceOrientations_iPhone = "UIInterfaceOrientationPortrait UIInterfaceOrientationLandscapeLeft UIInterfaceOrientationLandscapeRight";
				LD_RUNPATH_SEARCH_PATHS = (
					"$(inherited)",
					"@executable_path/Frameworks",
				);
				MARKETING_VERSION = 1.1;
				PRODUCT_BUNDLE_IDENTIFIER = xyz.tkhqlabs.passkeyapp;
				PRODUCT_NAME = "$(TARGET_NAME)";
				PROVISIONING_PROFILE_SPECIFIER = "";
				SWIFT_EMIT_LOC_STRINGS = YES;
				SWIFT_VERSION = 5.0;
				TARGETED_DEVICE_FAMILY = "1,2";
			};
			name = Release;
		};
		8DB100622DD7E3D500885C8F /* Debug */ = {
			isa = XCBuildConfiguration;
			buildSettings = {
				BUNDLE_LOADER = "$(TEST_HOST)";
				CODE_SIGN_STYLE = Automatic;
				CURRENT_PROJECT_VERSION = 1;
				DEVELOPMENT_TEAM = 5PG59FVKX2;
				GENERATE_INFOPLIST_FILE = YES;
				IPHONEOS_DEPLOYMENT_TARGET = 18.2;
				MARKETING_VERSION = 1.0;
				PRODUCT_BUNDLE_IDENTIFIER = "com.turnkey.swift-sdk-demo-walletTests";
				PRODUCT_NAME = "$(TARGET_NAME)";
				SWIFT_EMIT_LOC_STRINGS = NO;
				SWIFT_VERSION = 5.0;
				TARGETED_DEVICE_FAMILY = "1,2";
				TEST_HOST = "$(BUILT_PRODUCTS_DIR)/swift-sdk-demo-wallet.app/$(BUNDLE_EXECUTABLE_FOLDER_PATH)/swift-sdk-demo-wallet";
			};
			name = Debug;
		};
		8DB100632DD7E3D500885C8F /* Release */ = {
			isa = XCBuildConfiguration;
			buildSettings = {
				BUNDLE_LOADER = "$(TEST_HOST)";
				CODE_SIGN_STYLE = Automatic;
				CURRENT_PROJECT_VERSION = 1;
				DEVELOPMENT_TEAM = 5PG59FVKX2;
				GENERATE_INFOPLIST_FILE = YES;
				IPHONEOS_DEPLOYMENT_TARGET = 18.2;
				MARKETING_VERSION = 1.0;
				PRODUCT_BUNDLE_IDENTIFIER = "com.turnkey.swift-sdk-demo-walletTests";
				PRODUCT_NAME = "$(TARGET_NAME)";
				SWIFT_EMIT_LOC_STRINGS = NO;
				SWIFT_VERSION = 5.0;
				TARGETED_DEVICE_FAMILY = "1,2";
				TEST_HOST = "$(BUILT_PRODUCTS_DIR)/swift-sdk-demo-wallet.app/$(BUNDLE_EXECUTABLE_FOLDER_PATH)/swift-sdk-demo-wallet";
			};
			name = Release;
		};
		8DB100652DD7E3D500885C8F /* Debug */ = {
			isa = XCBuildConfiguration;
			buildSettings = {
				CODE_SIGN_STYLE = Automatic;
				CURRENT_PROJECT_VERSION = 1;
				DEVELOPMENT_TEAM = 5PG59FVKX2;
				GENERATE_INFOPLIST_FILE = YES;
				MARKETING_VERSION = 1.0;
				PRODUCT_BUNDLE_IDENTIFIER = "com.turnkey.swift-sdk-demo-walletUITests";
				PRODUCT_NAME = "$(TARGET_NAME)";
				SWIFT_EMIT_LOC_STRINGS = NO;
				SWIFT_VERSION = 5.0;
				TARGETED_DEVICE_FAMILY = "1,2";
				TEST_TARGET_NAME = "swift-sdk-demo-wallet";
			};
			name = Debug;
		};
		8DB100662DD7E3D500885C8F /* Release */ = {
			isa = XCBuildConfiguration;
			buildSettings = {
				CODE_SIGN_STYLE = Automatic;
				CURRENT_PROJECT_VERSION = 1;
				DEVELOPMENT_TEAM = 5PG59FVKX2;
				GENERATE_INFOPLIST_FILE = YES;
				MARKETING_VERSION = 1.0;
				PRODUCT_BUNDLE_IDENTIFIER = "com.turnkey.swift-sdk-demo-walletUITests";
				PRODUCT_NAME = "$(TARGET_NAME)";
				SWIFT_EMIT_LOC_STRINGS = NO;
				SWIFT_VERSION = 5.0;
				TARGETED_DEVICE_FAMILY = "1,2";
				TEST_TARGET_NAME = "swift-sdk-demo-wallet";
			};
			name = Release;
		};
/* End XCBuildConfiguration section */

/* Begin XCConfigurationList section */
		8DB100352DD7E3D400885C8F /* Build configuration list for PBXProject "swift-sdk-demo-wallet" */ = {
			isa = XCConfigurationList;
			buildConfigurations = (
				8DB1005C2DD7E3D500885C8F /* Debug */,
				8DB1005D2DD7E3D500885C8F /* Release */,
			);
			defaultConfigurationIsVisible = 0;
			defaultConfigurationName = Release;
		};
		8DB1005E2DD7E3D500885C8F /* Build configuration list for PBXNativeTarget "swift-sdk-demo-wallet" */ = {
			isa = XCConfigurationList;
			buildConfigurations = (
				8DB1005F2DD7E3D500885C8F /* Debug */,
				8DB100602DD7E3D500885C8F /* Release */,
			);
			defaultConfigurationIsVisible = 0;
			defaultConfigurationName = Release;
		};
		8DB100612DD7E3D500885C8F /* Build configuration list for PBXNativeTarget "swift-sdk-demo-walletTests" */ = {
			isa = XCConfigurationList;
			buildConfigurations = (
				8DB100622DD7E3D500885C8F /* Debug */,
				8DB100632DD7E3D500885C8F /* Release */,
			);
			defaultConfigurationIsVisible = 0;
			defaultConfigurationName = Release;
		};
		8DB100642DD7E3D500885C8F /* Build configuration list for PBXNativeTarget "swift-sdk-demo-walletUITests" */ = {
			isa = XCConfigurationList;
			buildConfigurations = (
				8DB100652DD7E3D500885C8F /* Debug */,
				8DB100662DD7E3D500885C8F /* Release */,
			);
			defaultConfigurationIsVisible = 0;
			defaultConfigurationName = Release;
		};
/* End XCConfigurationList section */

/* Begin XCLocalSwiftPackageReference section */
		8D6F18D52DE78C23006FEDA2 /* XCLocalSwiftPackageReference "../../../swift-sdk" */ = {
			isa = XCLocalSwiftPackageReference;
			relativePath = "../../../swift-sdk";
		};
/* End XCLocalSwiftPackageReference section */

/* Begin XCRemoteSwiftPackageReference section */
		8D6F180A2DE65C73006FEDA2 /* XCRemoteSwiftPackageReference "CryptoSwift" */ = {
			isa = XCRemoteSwiftPackageReference;
			repositoryURL = "https://github.com/krzyzanowskim/CryptoSwift";
			requirement = {
				kind = upToNextMajorVersion;
				minimumVersion = 1.8.4;
			};
		};
		8DB100732DD7ED0800885C8F /* XCRemoteSwiftPackageReference "PhoneNumberKit" */ = {
			isa = XCRemoteSwiftPackageReference;
			repositoryURL = "https://github.com/marmelroy/PhoneNumberKit";
			requirement = {
				kind = upToNextMajorVersion;
				minimumVersion = 4.0.2;
			};
		};
/* End XCRemoteSwiftPackageReference section */

/* Begin XCSwiftPackageProductDependency section */
		8D6F180B2DE65C73006FEDA2 /* CryptoSwift */ = {
			isa = XCSwiftPackageProductDependency;
			package = 8D6F180A2DE65C73006FEDA2 /* XCRemoteSwiftPackageReference "CryptoSwift" */;
			productName = CryptoSwift;
		};
		8D6F18D62DE78C23006FEDA2 /* TurnkeyCrypto */ = {
			isa = XCSwiftPackageProductDependency;
			productName = TurnkeyCrypto;
		};
		8D6F18D82DE78C23006FEDA2 /* TurnkeyEncoding */ = {
			isa = XCSwiftPackageProductDependency;
			productName = TurnkeyEncoding;
		};
		8D6F18DA2DE78C23006FEDA2 /* TurnkeyHttp */ = {
			isa = XCSwiftPackageProductDependency;
			productName = TurnkeyHttp;
		};
		8D6F18DC2DE78C23006FEDA2 /* TurnkeyPasskeys */ = {
			isa = XCSwiftPackageProductDependency;
			productName = TurnkeyPasskeys;
		};
		8D6F18DE2DE78C23006FEDA2 /* TurnkeyStamper */ = {
			isa = XCSwiftPackageProductDependency;
			productName = TurnkeyStamper;
		};
		8D6F18E02DE78C23006FEDA2 /* TurnkeySwift */ = {
			isa = XCSwiftPackageProductDependency;
			productName = TurnkeySwift;
		};
		8DEC224A2DE0EC3100758E77 /* PhoneNumberKit */ = {
			isa = XCSwiftPackageProductDependency;
			package = 8DB100732DD7ED0800885C8F /* XCRemoteSwiftPackageReference "PhoneNumberKit" */;
			productName = PhoneNumberKit;
		};
/* End XCSwiftPackageProductDependency section */
	};
	rootObject = 8DB100322DD7E3D400885C8F /* Project object */;
}
